{
  "nodes": {
    "animalcaseSrc": {
      "flake": false,
      "locked": {
        "lastModified": 1415960276,
        "narHash": "sha256-B+nC1X/Y17xEyILAWdVhxHb2jtsPPJYgJdDEKk2ueh0=",
        "owner": "ibotty",
        "repo": "animalcase",
        "rev": "6b8b1adda4f56e854d74c38137d378aaa0636b9d",
        "type": "github"
      },
      "original": {
        "owner": "ibotty",
        "repo": "animalcase",
        "rev": "6b8b1adda4f56e854d74c38137d378aaa0636b9d",
        "type": "github"
      }
    },
    "envySrc": {
      "flake": false,
      "locked": {
        "lastModified": 1642300968,
        "narHash": "sha256-WlD8rcM/k3iDXRLvoGksN7wj9pnW+6bXhseHgdYNrCQ=",
        "owner": "dmjio",
        "repo": "envy",
        "rev": "e90e9416da9e45fd2252ae6792896993eccc764d",
        "type": "github"
      },
      "original": {
        "owner": "dmjio",
        "repo": "envy",
        "rev": "e90e9416da9e45fd2252ae6792896993eccc764d",
        "type": "github"
      }
    },
    "flakeUtils": {
      "locked": {
        "lastModified": 1656928814,
        "narHash": "sha256-RIFfgBuKz6Hp89yRr7+NR5tzIAbn52h8vT6vXkYjZoM=",
        "owner": "numtide",
        "repo": "flake-utils",
        "rev": "7e2a3b3dfd9af950a856d66b0a7d01e3c18aa249",
        "type": "github"
      },
      "original": {
        "owner": "numtide",
        "repo": "flake-utils",
        "type": "github"
      }
    },
    "ghcExactPrintSrc": {
      "flake": false,
      "locked": {
        "lastModified": 1649272771,
        "narHash": "sha256-PqnzUwPnt1SvTOj5TbTVBTFD/MICvpj2M6OQsmBpkNM=",
        "owner": "alanz",
        "repo": "ghc-exactprint",
        "rev": "d9cb00673552dbc098059100e025592a7389d5a6",
        "type": "github"
      },
      "original": {
        "owner": "alanz",
        "repo": "ghc-exactprint",
        "rev": "d9cb00673552dbc098059100e025592a7389d5a6",
        "type": "github"
      }
    },
    "haddockSrc": {
      "flake": false,
      "locked": {
        "lastModified": 1649764674,
        "narHash": "sha256-vaU9QTDUjqtSydjI3tcjO4ojuX1SHD98PjyHqR+8++8=",
        "owner": "haskell",
        "repo": "haddock",
        "rev": "0c5447f74bb53f754e7ac32c1a01d57e138a9fc5",
        "type": "github"
      },
      "original": {
        "owner": "haskell",
        "repo": "haddock",
        "rev": "0c5447f74bb53f754e7ac32c1a01d57e138a9fc5",
        "type": "github"
      }
    },
    "haskellFilesystemSrc": {
      "flake": false,
      "locked": {
        "lastModified": 1651043307,
        "narHash": "sha256-DGBdQ9xIdq6clwux2U3JaHhIto7OHyem2zat8mVEneY=",
        "owner": "fpco",
        "repo": "haskell-filesystem",
        "rev": "064e3baa3168febe30b8db4296abc86b36521b88",
        "type": "github"
      },
      "original": {
        "owner": "fpco",
        "repo": "haskell-filesystem",
        "rev": "064e3baa3168febe30b8db4296abc86b36521b88",
        "type": "github"
      }
    },
    "haskellLanguageServerSrc": {
      "flake": false,
      "locked": {
        "lastModified": 1672051165,
        "narHash": "sha256-j3XRQTWa7jsVlimaxFZNnlE9IzWII9Prj1/+otks5FQ=",
        "owner": "haskell",
        "repo": "haskell-language-server",
        "rev": "1916b5782d9f3204d25a1d8f94da4cfd83ae2607",
        "type": "github"
      },
      "original": {
        "owner": "haskell",
        "ref": "1.9.0.0",
        "repo": "haskell-language-server",
        "type": "github"
      }
    },
    "hsWeb3Src": {
      "flake": false,
      "locked": {
        "lastModified": 1658389841,
        "narHash": "sha256-TFzmfid/I6b73OEoo2kKXyixQswqPkaS3Gmu5m5RIT0=",
        "owner": "QodaFi",
        "repo": "hs-web3",
        "rev": "7cf7dbf7acee214845347b30354448b0ac2a632e",
        "type": "github"
      },
      "original": {
        "owner": "QodaFi",
        "repo": "hs-web3",
        "rev": "7cf7dbf7acee214845347b30354448b0ac2a632e",
        "type": "github"
      }
    },
    "nixpkgs": {
      "locked": {
        "lastModified": 1677063315,
        "narHash": "sha256-qiB4ajTeAOVnVSAwCNEEkoybrAlA+cpeiBxLobHndE8=",
        "owner": "nixos",
        "repo": "nixpkgs",
        "rev": "988cc958c57ce4350ec248d2d53087777f9e1949",
        "type": "github"
      },
      "original": {
        "owner": "nixos",
        "ref": "nixos-unstable",
        "repo": "nixpkgs",
        "type": "github"
      }
    },
    "relapseSrc": {
      "flake": false,
      "locked": {
        "lastModified": 1548331295,
        "narHash": "sha256-n0OEdl2iriUFPec32Jqj4MyoTZJ9PWh+Ei9/JktwI7c=",
        "owner": "iostat",
        "repo": "relapse",
        "rev": "bd00d20d1b7a3ea2dd60ee6787f2944d850d875d",
        "type": "github"
      },
      "original": {
        "owner": "iostat",
        "repo": "relapse",
        "rev": "bd00d20d1b7a3ea2dd60ee6787f2944d850d875d",
        "type": "github"
      }
    },
    "root": {
      "inputs": {
        "animalcaseSrc": "animalcaseSrc",
        "envySrc": "envySrc",
        "flakeUtils": "flakeUtils",
        "ghcExactPrintSrc": "ghcExactPrintSrc",
        "haddockSrc": "haddockSrc",
        "haskellFilesystemSrc": "haskellFilesystemSrc",
        "haskellLanguageServerSrc": "haskellLanguageServerSrc",
        "hsWeb3Src": "hsWeb3Src",
        "nixpkgs": "nixpkgs",
        "relapseSrc": "relapseSrc",
        "stylishHaskellSrc": "stylishHaskellSrc",
        "textTrieSrc": "textTrieSrc"
      }
    },
    "stylishHaskellSrc": {
      "flake": false,
      "locked": {
        "lastModified": 1651045822,
        "narHash": "sha256-gKUvxa2WmNaAAtF1LSQMuqgGeu4uWz4eTGDQllCIuDE=",
        "owner": "haskell",
        "repo": "stylish-haskell",
        "rev": "4afa2a501d39eeb5e700c1e716b5611c1d8f05fa",
        "type": "github"
      },
      "original": {
        "owner": "haskell",
        "ref": "v0.14.2.0",
        "repo": "stylish-haskell",
        "type": "github"
      }
    },
    "textTrieSrc": {
      "flake": false,
      "locked": {
        "lastModified": 1555013051,
        "narHash": "sha256-eKDURE8hsIP5P8t8iIl1CE5UFxHQGJgwiiZzRuCKRTQ=",
        "owner": "michaeljklein",
        "repo": "text-trie",
        "rev": "c698d139c4693d231e081941bc958a8417ffb6c3",
        "type": "github"
      },
      "original": {
        "owner": "michaeljklein",
        "repo": "text-trie",
        "rev": "c698d139c4693d231e081941bc958a8417ffb6c3",
        "type": "github"
      }
    }
  },
  "root": "root",
  "version": 7
}
