{
  "nodes": {
    "nixpkgs": {
      "locked": {
        "lastModified": 1648219316,
        "narHash": "sha256-Ctij+dOi0ZZIfX5eMhgwugfvB+WZSrvVNAyAuANOsnQ=",
        "owner": "nixos",
        "repo": "nixpkgs",
        "rev": "30d3d79b7d3607d56546dd2a6b49e156ba0ec634",
        "type": "github"
      },
      "original": {
        "owner": "nixos",
        "ref": "nixpkgs-unstable",
        "repo": "nixpkgs",
        "type": "github"
      }
    },
    "projectLib": {
      "locked": {
        "dir": "lib/projects/lib",
        "lastModified": 1648441766,
        "narHash": "sha256-hyr57h9b18usFJpp5U5cIhI2SuEOoAvvL6iRhrqkDSU=",
        "owner": "realfolk",
        "repo": "nix",
        "rev": "86c77e8143a68b275c670f6767daaede7002c7ec",
        "type": "github"
      },
      "original": {
        "dir": "lib/projects/lib",
        "owner": "realfolk",
        "repo": "nix",
        "type": "github"
      }
    },
    "root": {
      "inputs": {
        "nixpkgs": "nixpkgs",
        "projectLib": "projectLib"
      }
    }
  },
  "root": "root",
  "version": 7
}
