{
  "nodes": {
    "flake-utils": {
      "inputs": {
        "systems": "systems"
      },
      "locked": {
        "lastModified": 1692799911,
        "narHash": "sha256-3eihraek4qL744EvQXsK1Ha6C3CR7nnT8X2qWap4RNk=",
        "owner": "numtide",
        "repo": "flake-utils",
        "rev": "f9e7cf818399d17d347f847525c5a5a8032e4e44",
        "type": "github"
      },
      "original": {
        "owner": "numtide",
        "repo": "flake-utils",
        "type": "github"
      }
    },
    "naersk": {
      "inputs": {
        "nixpkgs": [
          "rnixLsp",
          "nixpkgs"
        ]
      },
      "locked": {
        "lastModified": 1655042882,
        "narHash": "sha256-9BX8Fuez5YJlN7cdPO63InoyBy7dm3VlJkkmTt6fS1A=",
        "owner": "nix-community",
        "repo": "naersk",
        "rev": "cddffb5aa211f50c4b8750adbec0bbbdfb26bb9f",
        "type": "github"
      },
      "original": {
        "owner": "nix-community",
        "repo": "naersk",
        "type": "github"
      }
    },
    "nixpkgs": {
      "locked": {
        "lastModified": 1685566663,
        "narHash": "sha256-btHN1czJ6rzteeCuE/PNrdssqYD2nIA4w48miQAFloM=",
        "owner": "nixos",
        "repo": "nixpkgs",
        "rev": "4ecab3273592f27479a583fb6d975d4aba3486fe",
        "type": "github"
      },
      "original": {
        "owner": "nixos",
        "ref": "23.05",
        "repo": "nixpkgs",
        "type": "github"
      }
    },
    "nixpkgs_2": {
      "locked": {
        "lastModified": 1656753965,
        "narHash": "sha256-BCrB3l0qpJokOnIVc3g2lHiGhnjUi0MoXiw6t1o8H1E=",
        "owner": "nixos",
        "repo": "nixpkgs",
        "rev": "0ea7a8f1b939d74e5df8af9a8f7342097cdf69eb",
        "type": "github"
      },
      "original": {
        "owner": "nixos",
        "ref": "nixos-unstable",
        "repo": "nixpkgs",
        "type": "github"
      }
    },
    "rnixLsp": {
      "inputs": {
        "naersk": "naersk",
        "nixpkgs": "nixpkgs_2",
        "utils": "utils"
      },
      "locked": {
        "lastModified": 1669555118,
        "narHash": "sha256-F0s0m62S5bHNVWNHLZD6SeHiLrsDx98VQbRjDyIu+qQ=",
        "owner": "nix-community",
        "repo": "rnix-lsp",
        "rev": "95d40673fe43642e2e1144341e86d0036abd95d9",
        "type": "github"
      },
      "original": {
        "owner": "nix-community",
        "repo": "rnix-lsp",
        "type": "github"
      }
    },
    "root": {
      "inputs": {
        "flake-utils": "flake-utils",
        "nixpkgs": "nixpkgs",
        "rnixLsp": "rnixLsp"
      }
    },
    "systems": {
      "locked": {
        "lastModified": 1681028828,
        "narHash": "sha256-Vy1rq5AaRuLzOxct8nz4T6wlgyUR7zLU309k9mBC768=",
        "owner": "nix-systems",
        "repo": "default",
        "rev": "da67096a3b9bf56a91d16901293e51ba5b49a27e",
        "type": "github"
      },
      "original": {
        "owner": "nix-systems",
        "repo": "default",
        "type": "github"
      }
    },
    "utils": {
      "locked": {
        "lastModified": 1656928814,
        "narHash": "sha256-RIFfgBuKz6Hp89yRr7+NR5tzIAbn52h8vT6vXkYjZoM=",
        "owner": "numtide",
        "repo": "flake-utils",
        "rev": "7e2a3b3dfd9af950a856d66b0a7d01e3c18aa249",
        "type": "github"
      },
      "original": {
        "owner": "numtide",
        "repo": "flake-utils",
        "type": "github"
      }
    }
  },
  "root": "root",
  "version": 7
}
