{
  "nodes": {
    "flakeUtils": {
      "inputs": {
        "systems": "systems"
      },
      "locked": {
        "lastModified": 1689068808,
        "narHash": "sha256-6ixXo3wt24N/melDWjq70UuHQLxGV8jZvooRanIHXw0=",
        "owner": "numtide",
        "repo": "flake-utils",
        "rev": "919d646de7be200f3bf08cb76ae1f09402b6f9b4",
        "type": "github"
      },
      "original": {
        "owner": "numtide",
        "repo": "flake-utils",
        "type": "github"
      }
    },
    "flakeUtils_2": {
      "inputs": {
        "systems": "systems_2"
      },
      "locked": {
        "lastModified": 1689068808,
        "narHash": "sha256-6ixXo3wt24N/melDWjq70UuHQLxGV8jZvooRanIHXw0=",
        "owner": "numtide",
        "repo": "flake-utils",
        "rev": "919d646de7be200f3bf08cb76ae1f09402b6f9b4",
        "type": "github"
      },
      "original": {
        "owner": "numtide",
        "repo": "flake-utils",
        "type": "github"
      }
    },
    "libkeccakSrc": {
      "flake": false,
      "locked": {
        "narHash": "sha256-aGWpzwNSE944wNJsLchJZ4t2m5TNNecN0tUrBK7XtmE=",
        "type": "tarball",
        "url": "https://github.com/maandree/libkeccak/archive/refs/heads/master.zip"
      },
      "original": {
        "type": "tarball",
        "url": "https://github.com/maandree/libkeccak/archive/refs/heads/master.zip"
      }
    },
    "nixpkgs": {
      "locked": {
        "lastModified": 1691464053,
        "narHash": "sha256-D21ctOBjr2Y3vOFRXKRoFr6uNBvE8q5jC4RrMxRZXTM=",
        "owner": "nixos",
        "repo": "nixpkgs",
        "rev": "844ffa82bbe2a2779c86ab3a72ff1b4176cec467",
        "type": "github"
      },
      "original": {
        "owner": "nixos",
        "ref": "nixpkgs-unstable",
        "repo": "nixpkgs",
        "type": "github"
      }
    },
    "nixpkgs_2": {
      "locked": {
        "lastModified": 1691464053,
        "narHash": "sha256-D21ctOBjr2Y3vOFRXKRoFr6uNBvE8q5jC4RrMxRZXTM=",
        "owner": "nixos",
        "repo": "nixpkgs",
        "rev": "844ffa82bbe2a2779c86ab3a72ff1b4176cec467",
        "type": "github"
      },
      "original": {
        "owner": "nixos",
        "ref": "nixpkgs-unstable",
        "repo": "nixpkgs",
        "type": "github"
      }
    },
    "root": {
      "inputs": {
        "flakeUtils": "flakeUtils",
        "nixpkgs": "nixpkgs",
        "sha3sum": "sha3sum"
      }
    },
    "sha3sum": {
      "inputs": {
        "flakeUtils": "flakeUtils_2",
        "libkeccakSrc": "libkeccakSrc",
        "nixpkgs": "nixpkgs_2",
        "sha3sumSrc": "sha3sumSrc"
      },
      "locked": {
        "dir": "lib/packages/sha3sum",
        "lastModified": 1691623326,
        "narHash": "sha256-kJlyLcQ+LukL5rFhK7flJ/g+DF/OmamF1Il+C94UJq4=",
        "owner": "realfolk",
        "repo": "nix",
        "rev": "a6ae273f819e398182cf0a1c7c6abc8f11b2f70e",
        "type": "github"
      },
      "original": {
        "dir": "lib/packages/sha3sum",
        "owner": "realfolk",
        "repo": "nix",
        "type": "github"
      }
    },
    "sha3sumSrc": {
      "flake": false,
      "locked": {
        "narHash": "sha256-z7A7uta4CtxWUELkX+nlxpJuz7xpusBCOhIlwBspHtY=",
        "type": "tarball",
        "url": "https://github.com/maandree/sha3sum/archive/refs/heads/master.zip"
      },
      "original": {
        "type": "tarball",
        "url": "https://github.com/maandree/sha3sum/archive/refs/heads/master.zip"
      }
    },
    "systems": {
      "locked": {
        "lastModified": 1681028828,
        "narHash": "sha256-Vy1rq5AaRuLzOxct8nz4T6wlgyUR7zLU309k9mBC768=",
        "owner": "nix-systems",
        "repo": "default",
        "rev": "da67096a3b9bf56a91d16901293e51ba5b49a27e",
        "type": "github"
      },
      "original": {
        "owner": "nix-systems",
        "repo": "default",
        "type": "github"
      }
    },
    "systems_2": {
      "locked": {
        "lastModified": 1681028828,
        "narHash": "sha256-Vy1rq5AaRuLzOxct8nz4T6wlgyUR7zLU309k9mBC768=",
        "owner": "nix-systems",
        "repo": "default",
        "rev": "da67096a3b9bf56a91d16901293e51ba5b49a27e",
        "type": "github"
      },
      "original": {
        "owner": "nix-systems",
        "repo": "default",
        "type": "github"
      }
    }
  },
  "root": "root",
  "version": 7
}
