{
  "nodes": {
    "nixpkgs": {
      "locked": {
        "lastModified": 1686828063,
        "narHash": "sha256-Cv0Sx1N5+3xBDF5OnmFU3Qoh9OqZmXDBKg1fgXlXTWs=",
        "owner": "nixos",
        "repo": "nixpkgs",
        "rev": "683f2f5ba2ea54abb633d0b17bc9f7f6dede5799",
        "type": "github"
      },
      "original": {
        "owner": "nixos",
        "ref": "nixpkgs-unstable",
        "repo": "nixpkgs",
        "type": "github"
      }
    },
    "projectLib": {
      "locked": {
        "dir": "lib/projects/lib",
        "lastModified": 1686612930,
        "narHash": "sha256-vkZ+w8++pNT2Mc2vSXoSZziRezO+VwA6iG58fj63IKY=",
        "owner": "realfolk",
        "repo": "nix",
        "rev": "06ae530c0f510996cb2404a15864daddc1065b5a",
        "type": "github"
      },
      "original": {
        "dir": "lib/projects/lib",
        "owner": "realfolk",
        "repo": "nix",
        "type": "github"
      }
    },
    "root": {
      "inputs": {
        "nixpkgs": "nixpkgs",
        "projectLib": "projectLib"
      }
    }
  },
  "root": "root",
  "version": 7
}
