{
  "nodes": {
    "flakeUtils": {
      "locked": {
        "lastModified": 1648297722,
        "narHash": "sha256-W+qlPsiZd8F3XkzXOzAoR+mpFqzm3ekQkJNa+PIh1BQ=",
        "owner": "numtide",
        "repo": "flake-utils",
        "rev": "0f8662f1319ad6abf89b3380dd2722369fc51ade",
        "type": "github"
      },
      "original": {
        "owner": "numtide",
        "repo": "flake-utils",
        "type": "github"
      }
    },
    "nixpkgs": {
      "locked": {
        "lastModified": 1659494082,
        "narHash": "sha256-XRwMisQY/BcvDMDRVkd4n3/CT89HOtlPgWIQUNPvWSc=",
        "owner": "nixos",
        "repo": "nixpkgs",
        "rev": "8c7576622aeb4707351a17e83429667f42e7d910",
        "type": "github"
      },
      "original": {
        "owner": "nixos",
        "ref": "nixpkgs-unstable",
        "repo": "nixpkgs",
        "type": "github"
      }
    },
    "ranger-src": {
      "flake": false,
      "locked": {
        "lastModified": 1659353884,
        "narHash": "sha256-9Sx1iHQttyG+QatJEJl2Or0UziLNIOGaLo7h4rW5nQc=",
        "owner": "ranger",
        "repo": "ranger",
        "rev": "fcf44f6f12506fa0096cb6468de6a2706bbfaf51",
        "type": "github"
      },
      "original": {
        "owner": "ranger",
        "repo": "ranger",
        "type": "github"
      }
    },
    "root": {
      "inputs": {
        "flakeUtils": "flakeUtils",
        "nixpkgs": "nixpkgs",
        "ranger-src": "ranger-src"
      }
    }
  },
  "root": "root",
  "version": 7
}
